
Microsoft Visual Studio Solution File, Format Version 12.00
# Visual Studio Version 17
VisualStudioVersion = 17.5.33424.131
MinimumVisualStudioVersion = 10.0.40219.1
Project("{FAE04EC0-301F-11D3-BF4B-00C04F79EFBC}") = "Trabalho_ds_C#", "Trabalho_ds_C#\Trabalho_ds_C#.csproj", "{03DBC769-8249-417B-9BDE-8ECC160A97A8}"
EndProject
Global
	GlobalSection(SolutionConfigurationPlatforms) = preSolution
		Debug|Any CPU = Debug|Any CPU
		Release|Any CPU = Release|Any CPU
	EndGlobalSection
	GlobalSection(ProjectConfigurationPlatforms) = postSolution
		{03DBC769-8249-417B-9BDE-8ECC160A97A8}.Debug|Any CPU.ActiveCfg = Debug|Any CPU
		{03DBC769-8249-417B-9BDE-8ECC160A97A8}.Debug|Any CPU.Build.0 = Debug|Any CPU
		{03DBC769-8249-417B-9BDE-8ECC160A97A8}.Release|Any CPU.ActiveCfg = Release|Any CPU
		{03DBC769-8249-417B-9BDE-8ECC160A97A8}.Release|Any CPU.Build.0 = Release|Any CPU
	EndGlobalSection
	GlobalSection(SolutionProperties) = preSolution
		HideSolutionNode = FALSE
	EndGlobalSection
	GlobalSection(ExtensibilityGlobals) = postSolution
		SolutionGuid = {6DC3F105-FD81-490C-B943-0E1B697673EE}
	EndGlobalSection
EndGlobal
